// !$*UTF8*$!
{
	archiveVersion = 1;
	classes = {
	};
	objectVersion = 46;
	objects = {

/* Begin PBXBuildFile section */
		88670A9319BB38C10054052B /* Foundation.framework in Frameworks */ = {isa = PBXBuildFile; fileRef = 88670A9219BB38C10054052B /* Foundation.framework */; };
		88670A9519BB38C10054052B /* CoreGraphics.framework in Frameworks */ = {isa = PBXBuildFile; fileRef = 88670A9419BB38C10054052B /* CoreGraphics.framework */; };
		88670A9719BB38C10054052B /* UIKit.framework in Frameworks */ = {isa = PBXBuildFile; fileRef = 88670A9619BB38C10054052B /* UIKit.framework */; };
		88670A9919BB38C10054052B /* CoreData.framework in Frameworks */ = {isa = PBXBuildFile; fileRef = 88670A9819BB38C10054052B /* CoreData.framework */; };
		88670A9F19BB38C10054052B /* InfoPlist.strings in Resources */ = {isa = PBXBuildFile; fileRef = 88670A9D19BB38C10054052B /* InfoPlist.strings */; };
		88670AA119BB38C10054052B /* main.m in Sources */ = {isa = PBXBuildFile; fileRef = 88670AA019BB38C10054052B /* main.m */; };
		88670AA519BB38C10054052B /* OHTAppDelegate.m in Sources */ = {isa = PBXBuildFile; fileRef = 88670AA419BB38C10054052B /* OHTAppDelegate.m */; };
		88670AA819BB38C10054052B /* Main_iPhone.storyboard in Resources */ = {isa = PBXBuildFile; fileRef = 88670AA619BB38C10054052B /* Main_iPhone.storyboard */; };
		88670AAB19BB38C10054052B /* Main_iPad.storyboard in Resources */ = {isa = PBXBuildFile; fileRef = 88670AA919BB38C10054052B /* Main_iPad.storyboard */; };
		88670AAE19BB38C10054052B /* PTNotebook2.xcdatamodeld in Sources */ = {isa = PBXBuildFile; fileRef = 88670AAC19BB38C10054052B /* PTNotebook2.xcdatamodeld */; };
		88670AB119BB38C10054052B /* OHTMasterViewController.m in Sources */ = {isa = PBXBuildFile; fileRef = 88670AB019BB38C10054052B /* OHTMasterViewController.m */; };
		88670AB419BB38C10054052B /* OHTDetailViewController.m in Sources */ = {isa = PBXBuildFile; fileRef = 88670AB319BB38C10054052B /* OHTDetailViewController.m */; };
		88670AB619BB38C10054052B /* Images.xcassets in Resources */ = {isa = PBXBuildFile; fileRef = 88670AB519BB38C10054052B /* Images.xcassets */; };
		88670ABD19BB38C10054052B /* XCTest.framework in Frameworks */ = {isa = PBXBuildFile; fileRef = 88670ABC19BB38C10054052B /* XCTest.framework */; };
		88670ABE19BB38C10054052B /* Foundation.framework in Frameworks */ = {isa = PBXBuildFile; fileRef = 88670A9219BB38C10054052B /* Foundation.framework */; };
		88670ABF19BB38C10054052B /* UIKit.framework in Frameworks */ = {isa = PBXBuildFile; fileRef = 88670A9619BB38C10054052B /* UIKit.framework */; };
		88670AC019BB38C10054052B /* CoreData.framework in Frameworks */ = {isa = PBXBuildFile; fileRef = 88670A9819BB38C10054052B /* CoreData.framework */; };
		88670AC819BB38C10054052B /* InfoPlist.strings in Resources */ = {isa = PBXBuildFile; fileRef = 88670AC619BB38C10054052B /* InfoPlist.strings */; };
		88670ACA19BB38C10054052B /* PTNotebook2Tests.m in Sources */ = {isa = PBXBuildFile; fileRef = 88670AC919BB38C10054052B /* PTNotebook2Tests.m */; };
/* End PBXBuildFile section */

/* Begin PBXContainerItemProxy section */
		88670AC119BB38C10054052B /* PBXContainerItemProxy */ = {
			isa = PBXContainerItemProxy;
			containerPortal = 88670A8719BB38C10054052B /* Project object */;
			proxyType = 1;
			remoteGlobalIDString = 88670A8E19BB38C10054052B;
			remoteInfo = PTNotebook2;
		};
/* End PBXContainerItemProxy section */

/* Begin PBXFileReference section */
		88670A8F19BB38C10054052B /* PTNotebook2.app */ = {isa = PBXFileReference; explicitFileType = wrapper.application; includeInIndex = 0; path = PTNotebook2.app; sourceTree = BUILT_PRODUCTS_DIR; };
		88670A9219BB38C10054052B /* Foundation.framework */ = {isa = PBXFileReference; lastKnownFileType = wrapper.framework; name = Foundation.framework; path = System/Library/Frameworks/Foundation.framework; sourceTree = SDKROOT; };
		88670A9419BB38C10054052B /* CoreGraphics.framework */ = {isa = PBXFileReference; lastKnownFileType = wrapper.framework; name = CoreGraphics.framework; path = System/Library/Frameworks/CoreGraphics.framework; sourceTree = SDKROOT; };
		88670A9619BB38C10054052B /* UIKit.framework */ = {isa = PBXFileReference; lastKnownFileType = wrapper.framework; name = UIKit.framework; path = System/Library/Frameworks/UIKit.framework; sourceTree = SDKROOT; };
		88670A9819BB38C10054052B /* CoreData.framework */ = {isa = PBXFileReference; lastKnownFileType = wrapper.framework; name = CoreData.framework; path = System/Library/Frameworks/CoreData.framework; sourceTree = SDKROOT; };
		88670A9C19BB38C10054052B /* PTNotebook2-Info.plist */ = {isa = PBXFileReference; lastKnownFileType = text.plist.xml; path = "PTNotebook2-Info.plist"; sourceTree = "<group>"; };
		88670A9E19BB38C10054052B /* en */ = {isa = PBXFileReference; lastKnownFileType = text.plist.strings; name = en; path = en.lproj/InfoPlist.strings; sourceTree = "<group>"; };
		88670AA019BB38C10054052B /* main.m */ = {isa = PBXFileReference; lastKnownFileType = sourcecode.c.objc; path = main.m; sourceTree = "<group>"; };
		88670AA219BB38C10054052B /* PTNotebook2-Prefix.pch */ = {isa = PBXFileReference; lastKnownFileType = sourcecode.c.h; path = "PTNotebook2-Prefix.pch"; sourceTree = "<group>"; };
		88670AA319BB38C10054052B /* OHTAppDelegate.h */ = {isa = PBXFileReference; lastKnownFileType = sourcecode.c.h; path = OHTAppDelegate.h; sourceTree = "<group>"; };
		88670AA419BB38C10054052B /* OHTAppDelegate.m */ = {isa = PBXFileReference; lastKnownFileType = sourcecode.c.objc; path = OHTAppDelegate.m; sourceTree = "<group>"; };
		88670AA719BB38C10054052B /* Base */ = {isa = PBXFileReference; lastKnownFileType = file.storyboard; name = Base; path = Base.lproj/Main_iPhone.storyboard; sourceTree = "<group>"; };
		88670AAA19BB38C10054052B /* Base */ = {isa = PBXFileReference; lastKnownFileType = file.storyboard; name = Base; path = Base.lproj/Main_iPad.storyboard; sourceTree = "<group>"; };
		88670AAD19BB38C10054052B /* PTNotebook2.xcdatamodel */ = {isa = PBXFileReference; lastKnownFileType = wrapper.xcdatamodel; path = PTNotebook2.xcdatamodel; sourceTree = "<group>"; };
		88670AAF19BB38C10054052B /* OHTMasterViewController.h */ = {isa = PBXFileReference; lastKnownFileType = sourcecode.c.h; path = OHTMasterViewController.h; sourceTree = "<group>"; };
		88670AB019BB38C10054052B /* OHTMasterViewController.m */ = {isa = PBXFileReference; lastKnownFileType = sourcecode.c.objc; path = OHTMasterViewController.m; sourceTree = "<group>"; };
		88670AB219BB38C10054052B /* OHTDetailViewController.h */ = {isa = PBXFileReference; lastKnownFileType = sourcecode.c.h; path = OHTDetailViewController.h; sourceTree = "<group>"; };
		88670AB319BB38C10054052B /* OHTDetailViewController.m */ = {isa = PBXFileReference; lastKnownFileType = sourcecode.c.objc; path = OHTDetailViewController.m; sourceTree = "<group>"; };
		88670AB519BB38C10054052B /* Images.xcassets */ = {isa = PBXFileReference; lastKnownFileType = folder.assetcatalog; path = Images.xcassets; sourceTree = "<group>"; };
		88670ABB19BB38C10054052B /* PTNotebook2Tests.xctest */ = {isa = PBXFileReference; explicitFileType = wrapper.cfbundle; includeInIndex = 0; path = PTNotebook2Tests.xctest; sourceTree = BUILT_PRODUCTS_DIR; };
		88670ABC19BB38C10054052B /* XCTest.framework */ = {isa = PBXFileReference; lastKnownFileType = wrapper.framework; name = XCTest.framework; path = Library/Frameworks/XCTest.framework; sourceTree = DEVELOPER_DIR; };
		88670AC519BB38C10054052B /* PTNotebook2Tests-Info.plist */ = {isa = PBXFileReference; lastKnownFileType = text.plist.xml; path = "PTNotebook2Tests-Info.plist"; sourceTree = "<group>"; };
		88670AC719BB38C10054052B /* en */ = {isa = PBXFileReference; lastKnownFileType = text.plist.strings; name = en; path = en.lproj/InfoPlist.strings; sourceTree = "<group>"; };
		88670AC919BB38C10054052B /* PTNotebook2Tests.m */ = {isa = PBXFileReference; lastKnownFileType = sourcecode.c.objc; path = PTNotebook2Tests.m; sourceTree = "<group>"; };
/* End PBXFileReference section */

/* Begin PBXFrameworksBuildPhase section */
		88670A8C19BB38C10054052B /* Frameworks */ = {
			isa = PBXFrameworksBuildPhase;
			buildActionMask = 2147483647;
			files = (
				88670A9519BB38C10054052B /* CoreGraphics.framework in Frameworks */,
				88670A9919BB38C10054052B /* CoreData.framework in Frameworks */,
				88670A9719BB38C10054052B /* UIKit.framework in Frameworks */,
				88670A9319BB38C10054052B /* Foundation.framework in Frameworks */,
			);
			runOnlyForDeploymentPostprocessing = 0;
		};
		88670AB819BB38C10054052B /* Frameworks */ = {
			isa = PBXFrameworksBuildPhase;
			buildActionMask = 2147483647;
			files = (
				88670ABD19BB38C10054052B /* XCTest.framework in Frameworks */,
				88670AC019BB38C10054052B /* CoreData.framework in Frameworks */,
				88670ABF19BB38C10054052B /* UIKit.framework in Frameworks */,
				88670ABE19BB38C10054052B /* Foundation.framework in Frameworks */,
			);
			runOnlyForDeploymentPostprocessing = 0;
		};
/* End PBXFrameworksBuildPhase section */

/* Begin PBXGroup section */
		88670A8619BB38C10054052B = {
			isa = PBXGroup;
			children = (
				88670A9A19BB38C10054052B /* PTNotebook2 */,
				88670AC319BB38C10054052B /* PTNotebook2Tests */,
				88670A9119BB38C10054052B /* Frameworks */,
				88670A9019BB38C10054052B /* Products */,
			);
			sourceTree = "<group>";
		};
		88670A9019BB38C10054052B /* Products */ = {
			isa = PBXGroup;
			children = (
				88670A8F19BB38C10054052B /* PTNotebook2.app */,
				88670ABB19BB38C10054052B /* PTNotebook2Tests.xctest */,
			);
			name = Products;
			sourceTree = "<group>";
		};
		88670A9119BB38C10054052B /* Frameworks */ = {
			isa = PBXGroup;
			children = (
				88670A9219BB38C10054052B /* Foundation.framework */,
				88670A9419BB38C10054052B /* CoreGraphics.framework */,
				88670A9619BB38C10054052B /* UIKit.framework */,
				88670A9819BB38C10054052B /* CoreData.framework */,
				88670ABC19BB38C10054052B /* XCTest.framework */,
			);
			name = Frameworks;
			sourceTree = "<group>";
		};
		88670A9A19BB38C10054052B /* PTNotebook2 */ = {
			isa = PBXGroup;
			children = (
				88670AA319BB38C10054052B /* OHTAppDelegate.h */,
				88670AA419BB38C10054052B /* OHTAppDelegate.m */,
				88670AA619BB38C10054052B /* Main_iPhone.storyboard */,
				88670AA919BB38C10054052B /* Main_iPad.storyboard */,
				88670AAF19BB38C10054052B /* OHTMasterViewController.h */,
				88670AB019BB38C10054052B /* OHTMasterViewController.m */,
				88670AB219BB38C10054052B /* OHTDetailViewController.h */,
				88670AB319BB38C10054052B /* OHTDetailViewController.m */,
				88670AB519BB38C10054052B /* Images.xcassets */,
				88670AAC19BB38C10054052B /* PTNotebook2.xcdatamodeld */,
				88670A9B19BB38C10054052B /* Supporting Files */,
			);
			path = PTNotebook2;
			sourceTree = "<group>";
		};
		88670A9B19BB38C10054052B /* Supporting Files */ = {
			isa = PBXGroup;
			children = (
				88670A9C19BB38C10054052B /* PTNotebook2-Info.plist */,
				88670A9D19BB38C10054052B /* InfoPlist.strings */,
				88670AA019BB38C10054052B /* main.m */,
				88670AA219BB38C10054052B /* PTNotebook2-Prefix.pch */,
			);
			name = "Supporting Files";
			sourceTree = "<group>";
		};
		88670AC319BB38C10054052B /* PTNotebook2Tests */ = {
			isa = PBXGroup;
			children = (
				88670AC919BB38C10054052B /* PTNotebook2Tests.m */,
				88670AC419BB38C10054052B /* Supporting Files */,
			);
			path = PTNotebook2Tests;
			sourceTree = "<group>";
		};
		88670AC419BB38C10054052B /* Supporting Files */ = {
			isa = PBXGroup;
			children = (
				88670AC519BB38C10054052B /* PTNotebook2Tests-Info.plist */,
				88670AC619BB38C10054052B /* InfoPlist.strings */,
			);
			name = "Supporting Files";
			sourceTree = "<group>";
		};
/* End PBXGroup section */

/* Begin PBXNativeTarget section */
		88670A8E19BB38C10054052B /* PTNotebook2 */ = {
			isa = PBXNativeTarget;
			buildConfigurationList = 88670ACD19BB38C10054052B /* Build configuration list for PBXNativeTarget "PTNotebook2" */;
			buildPhases = (
				88670A8B19BB38C10054052B /* Sources */,
				88670A8C19BB38C10054052B /* Frameworks */,
				88670A8D19BB38C10054052B /* Resources */,
			);
			buildRules = (
			);
			dependencies = (
			);
			name = PTNotebook2;
			productName = PTNotebook2;
			productReference = 88670A8F19BB38C10054052B /* PTNotebook2.app */;
			productType = "com.apple.product-type.application";
		};
		88670ABA19BB38C10054052B /* PTNotebook2Tests */ = {
			isa = PBXNativeTarget;
			buildConfigurationList = 88670AD019BB38C10054052B /* Build configuration list for PBXNativeTarget "PTNotebook2Tests" */;
			buildPhases = (
				88670AB719BB38C10054052B /* Sources */,
				88670AB819BB38C10054052B /* Frameworks */,
				88670AB919BB38C10054052B /* Resources */,
			);
			buildRules = (
			);
			dependencies = (
				88670AC219BB38C10054052B /* PBXTargetDependency */,
			);
			name = PTNotebook2Tests;
			productName = PTNotebook2Tests;
			productReference = 88670ABB19BB38C10054052B /* PTNotebook2Tests.xctest */;
			productType = "com.apple.product-type.bundle.unit-test";
		};
/* End PBXNativeTarget section */

/* Begin PBXProject section */
		88670A8719BB38C10054052B /* Project object */ = {
			isa = PBXProject;
			attributes = {
				CLASSPREFIX = OHT;
				LastUpgradeCheck = 0510;
				ORGANIZATIONNAME = "100 Trees";
				TargetAttributes = {
					88670ABA19BB38C10054052B = {
						TestTargetID = 88670A8E19BB38C10054052B;
					};
				};
			};
			buildConfigurationList = 88670A8A19BB38C10054052B /* Build configuration list for PBXProject "PTNotebook2" */;
			compatibilityVersion = "Xcode 3.2";
			developmentRegion = English;
			hasScannedForEncodings = 0;
			knownRegions = (
				en,
				Base,
			);
			mainGroup = 88670A8619BB38C10054052B;
			productRefGroup = 88670A9019BB38C10054052B /* Products */;
			projectDirPath = "";
			projectRoot = "";
			targets = (
				88670A8E19BB38C10054052B /* PTNotebook2 */,
				88670ABA19BB38C10054052B /* PTNotebook2Tests */,
			);
		};
/* End PBXProject section */

/* Begin PBXResourcesBuildPhase section */
		88670A8D19BB38C10054052B /* Resources */ = {
			isa = PBXResourcesBuildPhase;
			buildActionMask = 2147483647;
			files = (
				88670AAB19BB38C10054052B /* Main_iPad.storyboard in Resources */,
				88670AB619BB38C10054052B /* Images.xcassets in Resources */,
				88670AA819BB38C10054052B /* Main_iPhone.storyboard in Resources */,
				88670A9F19BB38C10054052B /* InfoPlist.strings in Resources */,
			);
			runOnlyForDeploymentPostprocessing = 0;
		};
		88670AB919BB38C10054052B /* Resources */ = {
			isa = PBXResourcesBuildPhase;
			buildActionMask = 2147483647;
			files = (
				88670AC819BB38C10054052B /* InfoPlist.strings in Resources */,
			);
			runOnlyForDeploymentPostprocessing = 0;
		};
/* End PBXResourcesBuildPhase section */

/* Begin PBXSourcesBuildPhase section */
		88670A8B19BB38C10054052B /* Sources */ = {
			isa = PBXSourcesBuildPhase;
			buildActionMask = 2147483647;
			files = (
				88670AB419BB38C10054052B /* OHTDetailViewController.m in Sources */,
				88670AA519BB38C10054052B /* OHTAppDelegate.m in Sources */,
				88670AA119BB38C10054052B /* main.m in Sources */,
				88670AB119BB38C10054052B /* OHTMasterViewController.m in Sources */,
				88670AAE19BB38C10054052B /* PTNotebook2.xcdatamodeld in Sources */,
			);
			runOnlyForDeploymentPostprocessing = 0;
		};
		88670AB719BB38C10054052B /* Sources */ = {
			isa = PBXSourcesBuildPhase;
			buildActionMask = 2147483647;
			files = (
				88670ACA19BB38C10054052B /* PTNotebook2Tests.m in Sources */,
			);
			runOnlyForDeploymentPostprocessing = 0;
		};
/* End PBXSourcesBuildPhase section */

/* Begin PBXTargetDependency section */
		88670AC219BB38C10054052B /* PBXTargetDependency */ = {
			isa = PBXTargetDependency;
			target = 88670A8E19BB38C10054052B /* PTNotebook2 */;
			targetProxy = 88670AC119BB38C10054052B /* PBXContainerItemProxy */;
		};
/* End PBXTargetDependency section */

/* Begin PBXVariantGroup section */
		88670A9D19BB38C10054052B /* InfoPlist.strings */ = {
			isa = PBXVariantGroup;
			children = (
				88670A9E19BB38C10054052B /* en */,
			);
			name = InfoPlist.strings;
			sourceTree = "<group>";
		};
		88670AA619BB38C10054052B /* Main_iPhone.storyboard */ = {
			isa = PBXVariantGroup;
			children = (
				88670AA719BB38C10054052B /* Base */,
			);
			name = Main_iPhone.storyboard;
			sourceTree = "<group>";
		};
		88670AA919BB38C10054052B /* Main_iPad.storyboard */ = {
			isa = PBXVariantGroup;
			children = (
				88670AAA19BB38C10054052B /* Base */,
			);
			name = Main_iPad.storyboard;
			sourceTree = "<group>";
		};
		88670AC619BB38C10054052B /* InfoPlist.strings */ = {
			isa = PBXVariantGroup;
			children = (
				88670AC719BB38C10054052B /* en */,
			);
			name = InfoPlist.strings;
			sourceTree = "<group>";
		};
/* End PBXVariantGroup section */

/* Begin XCBuildConfiguration section */
		88670ACB19BB38C10054052B /* Debug */ = {
			isa = XCBuildConfiguration;
			buildSettings = {
				ALWAYS_SEARCH_USER_PATHS = NO;
				CLANG_CXX_LANGUAGE_STANDARD = "gnu++0x";
				CLANG_CXX_LIBRARY = "libc++";
				CLANG_ENABLE_MODULES = YES;
				CLANG_ENABLE_OBJC_ARC = YES;
				CLANG_WARN_BOOL_CONVERSION = YES;
				CLANG_WARN_CONSTANT_CONVERSION = YES;
				CLANG_WARN_DIRECT_OBJC_ISA_USAGE = YES_ERROR;
				CLANG_WARN_EMPTY_BODY = YES;
				CLANG_WARN_ENUM_CONVERSION = YES;
				CLANG_WARN_INT_CONVERSION = YES;
				CLANG_WARN_OBJC_ROOT_CLASS = YES_ERROR;
				CLANG_WARN__DUPLICATE_METHOD_MATCH = YES;
				"CODE_SIGN_IDENTITY[sdk=iphoneos*]" = "iPhone Developer";
				COPY_PHASE_STRIP = NO;
				GCC_C_LANGUAGE_STANDARD = gnu99;
				GCC_DYNAMIC_NO_PIC = NO;
				GCC_OPTIMIZATION_LEVEL = 0;
				GCC_PREPROCESSOR_DEFINITIONS = (
					"DEBUG=1",
					"$(inherited)",
				);
				GCC_SYMBOLS_PRIVATE_EXTERN = NO;
				GCC_WARN_64_TO_32_BIT_CONVERSION = YES;
				GCC_WARN_ABOUT_RETURN_TYPE = YES_ERROR;
				GCC_WARN_UNDECLARED_SELECTOR = YES;
				GCC_WARN_UNINITIALIZED_AUTOS = YES_AGGRESSIVE;
				GCC_WARN_UNUSED_FUNCTION = YES;
				GCC_WARN_UNUSED_VARIABLE = YES;
				IPHONEOS_DEPLOYMENT_TARGET = 7.1;
				ONLY_ACTIVE_ARCH = YES;
				SDKROOT = iphoneos;
				TARGETED_DEVICE_FAMILY = "1,2";
			};
			name = Debug;
		};
		88670ACC19BB38C10054052B /* Release */ = {
			isa = XCBuildConfiguration;
			buildSettings = {
				ALWAYS_SEARCH_USER_PATHS = NO;
				CLANG_CXX_LANGUAGE_STANDARD = "gnu++0x";
				CLANG_CXX_LIBRARY = "libc++";
				CLANG_ENABLE_MODULES = YES;
				CLANG_ENABLE_OBJC_ARC = YES;
				CLANG_WARN_BOOL_CONVERSION = YES;
				CLANG_WARN_CONSTANT_CONVERSION = YES;
				CLANG_WARN_DIRECT_OBJC_ISA_USAGE = YES_ERROR;
				CLANG_WARN_EMPTY_BODY = YES;
				CLANG_WARN_ENUM_CONVERSION = YES;
				CLANG_WARN_INT_CONVERSION = YES;
				CLANG_WARN_OBJC_ROOT_CLASS = YES_ERROR;
				CLANG_WARN__DUPLICATE_METHOD_MATCH = YES;
				"CODE_SIGN_IDENTITY[sdk=iphoneos*]" = "iPhone Developer";
				COPY_PHASE_STRIP = YES;
				ENABLE_NS_ASSERTIONS = NO;
				GCC_C_LANGUAGE_STANDARD = gnu99;
				GCC_WARN_64_TO_32_BIT_CONVERSION = YES;
				GCC_WARN_ABOUT_RETURN_TYPE = YES_ERROR;
				GCC_WARN_UNDECLARED_SELECTOR = YES;
				GCC_WARN_UNINITIALIZED_AUTOS = YES_AGGRESSIVE;
				GCC_WARN_UNUSED_FUNCTION = YES;
				GCC_WARN_UNUSED_VARIABLE = YES;
				IPHONEOS_DEPLOYMENT_TARGET = 7.1;
				SDKROOT = iphoneos;
				TARGETED_DEVICE_FAMILY = "1,2";
				VALIDATE_PRODUCT = YES;
			};
			name = Release;
		};
		88670ACE19BB38C10054052B /* Debug */ = {
			isa = XCBuildConfiguration;
			buildSettings = {
				ASSETCATALOG_COMPILER_APPICON_NAME = AppIcon;
				ASSETCATALOG_COMPILER_LAUNCHIMAGE_NAME = LaunchImage;
				GCC_PRECOMPILE_PREFIX_HEADER = YES;
				GCC_PREFIX_HEADER = "PTNotebook2/PTNotebook2-Prefix.pch";
				INFOPLIST_FILE = "PTNotebook2/PTNotebook2-Info.plist";
				PRODUCT_NAME = "$(TARGET_NAME)";
				WRAPPER_EXTENSION = app;
			};
			name = Debug;
		};
		88670ACF19BB38C10054052B /* Release */ = {
			isa = XCBuildConfiguration;
			buildSettings = {
				ASSETCATALOG_COMPILER_APPICON_NAME = AppIcon;
				ASSETCATALOG_COMPILER_LAUNCHIMAGE_NAME = LaunchImage;
				GCC_PRECOMPILE_PREFIX_HEADER = YES;
				GCC_PREFIX_HEADER = "PTNotebook2/PTNotebook2-Prefix.pch";
				INFOPLIST_FILE = "PTNotebook2/PTNotebook2-Info.plist";
				PRODUCT_NAME = "$(TARGET_NAME)";
				WRAPPER_EXTENSION = app;
			};
			name = Release;
		};
		88670AD119BB38C10054052B /* Debug */ = {
			isa = XCBuildConfiguration;
			buildSettings = {
				BUNDLE_LOADER = "$(BUILT_PRODUCTS_DIR)/PTNotebook2.app/PTNotebook2";
				FRAMEWORK_SEARCH_PATHS = (
					"$(SDKROOT)/Developer/Library/Frameworks",
					"$(inherited)",
					"$(DEVELOPER_FRAMEWORKS_DIR)",
				);
				GCC_PRECOMPILE_PREFIX_HEADER = YES;
				GCC_PREFIX_HEADER = "PTNotebook2/PTNotebook2-Prefix.pch";
				GCC_PREPROCESSOR_DEFINITIONS = (
					"DEBUG=1",
					"$(inherited)",
				);
				INFOPLIST_FILE = "PTNotebook2Tests/PTNotebook2Tests-Info.plist";
				PRODUCT_NAME = "$(TARGET_NAME)";
				TEST_HOST = "$(BUNDLE_LOADER)";
				WRAPPER_EXTENSION = xctest;
			};
			name = Debug;
		};
		88670AD219BB38C10054052B /* Release */ = {
			isa = XCBuildConfiguration;
			buildSettings = {
				BUNDLE_LOADER = "$(BUILT_PRODUCTS_DIR)/PTNotebook2.app/PTNotebook2";
				FRAMEWORK_SEARCH_PATHS = (
					"$(SDKROOT)/Developer/Library/Frameworks",
					"$(inherited)",
					"$(DEVELOPER_FRAMEWORKS_DIR)",
				);
				GCC_PRECOMPILE_PREFIX_HEADER = YES;
				GCC_PREFIX_HEADER = "PTNotebook2/PTNotebook2-Prefix.pch";
				INFOPLIST_FILE = "PTNotebook2Tests/PTNotebook2Tests-Info.plist";
				PRODUCT_NAME = "$(TARGET_NAME)";
				TEST_HOST = "$(BUNDLE_LOADER)";
				WRAPPER_EXTENSION = xctest;
			};
			name = Release;
		};
/* End XCBuildConfiguration section */

/* Begin XCConfigurationList section */
		88670A8A19BB38C10054052B /* Build configuration list for PBXProject "PTNotebook2" */ = {
			isa = XCConfigurationList;
			buildConfigurations = (
				88670ACB19BB38C10054052B /* Debug */,
				88670ACC19BB38C10054052B /* Release */,
			);
			defaultConfigurationIsVisible = 0;
			defaultConfigurationName = Release;
		};
		88670ACD19BB38C10054052B /* Build configuration list for PBXNativeTarget "PTNotebook2" */ = {
			isa = XCConfigurationList;
			buildConfigurations = (
				88670ACE19BB38C10054052B /* Debug */,
				88670ACF19BB38C10054052B /* Release */,
			);
			defaultConfigurationIsVisible = 0;
		};
		88670AD019BB38C10054052B /* Build configuration list for PBXNativeTarget "PTNotebook2Tests" */ = {
			isa = XCConfigurationList;
			buildConfigurations = (
				88670AD119BB38C10054052B /* Debug */,
				88670AD219BB38C10054052B /* Release */,
			);
			defaultConfigurationIsVisible = 0;
		};
/* End XCConfigurationList section */

/* Begin XCVersionGroup section */
		88670AAC19BB38C10054052B /* PTNotebook2.xcdatamodeld */ = {
			isa = XCVersionGroup;
			children = (
				88670AAD19BB38C10054052B /* PTNotebook2.xcdatamodel */,
			);
			currentVersion = 88670AAD19BB38C10054052B /* PTNotebook2.xcdatamodel */;
			path = PTNotebook2.xcdatamodeld;
			sourceTree = "<group>";
			versionGroupType = wrapper.xcdatamodel;
		};
/* End XCVersionGroup section */
	};
	rootObject = 88670A8719BB38C10054052B /* Project object */;
}
